
Microsoft Visual Studio Solution File, Format Version 12.00
# Visual Studio Version 16
VisualStudioVersion = 16.0.29123.88
MinimumVisualStudioVersion = 10.0.40219.1
Project("{FAE04EC0-301F-11D3-BF4B-00C04F79EFBC}") = "UsingApplication", "UsingApplication\UsingApplication.csproj", "{0C4A179C-FD48-4057-B700-1632D9F14D03}"
EndProject
Global
	GlobalSection(SolutionConfigurationPlatforms) = preSolution
		Debug|Any CPU = Debug|Any CPU
		Release|Any CPU = Release|Any CPU
	EndGlobalSection
	GlobalSection(ProjectConfigurationPlatforms) = postSolution
		{0C4A179C-FD48-4057-B700-1632D9F14D03}.Debug|Any CPU.ActiveCfg = Debug|Any CPU
		{0C4A179C-FD48-4057-B700-1632D9F14D03}.Debug|Any CPU.Build.0 = Debug|Any CPU
		{0C4A179C-FD48-4057-B700-1632D9F14D03}.Release|Any CPU.ActiveCfg = Release|Any CPU
		{0C4A179C-FD48-4057-B700-1632D9F14D03}.Release|Any CPU.Build.0 = Release|Any CPU
	EndGlobalSection
	GlobalSection(SolutionProperties) = preSolution
		HideSolutionNode = FALSE
	EndGlobalSection
	GlobalSection(ExtensibilityGlobals) = postSolution
		SolutionGuid = {7B7BCF1B-FEC5-45E5-A1F1-969FD1CBE650}
	EndGlobalSection
EndGlobal
