
Microsoft Visual Studio Solution File, Format Version 12.00
# Visual Studio Version 16
VisualStudioVersion = 16.0.30503.244
MinimumVisualStudioVersion = 10.0.40219.1
Project("{FAE04EC0-301F-11D3-BF4B-00C04F79EFBC}") = "LoginApp", "LoginApp\LoginApp.csproj", "{2B129F40-658B-4420-9F5B-A6CADBA2923E}"
EndProject
Global
	GlobalSection(SolutionConfigurationPlatforms) = preSolution
		Debug|Any CPU = Debug|Any CPU
		Release|Any CPU = Release|Any CPU
	EndGlobalSection
	GlobalSection(ProjectConfigurationPlatforms) = postSolution
		{2B129F40-658B-4420-9F5B-A6CADBA2923E}.Debug|Any CPU.ActiveCfg = Debug|Any CPU
		{2B129F40-658B-4420-9F5B-A6CADBA2923E}.Debug|Any CPU.Build.0 = Debug|Any CPU
		{2B129F40-658B-4420-9F5B-A6CADBA2923E}.Release|Any CPU.ActiveCfg = Release|Any CPU
		{2B129F40-658B-4420-9F5B-A6CADBA2923E}.Release|Any CPU.Build.0 = Release|Any CPU
	EndGlobalSection
	GlobalSection(SolutionProperties) = preSolution
		HideSolutionNode = FALSE
	EndGlobalSection
	GlobalSection(ExtensibilityGlobals) = postSolution
		SolutionGuid = {A6DC7880-461F-48FE-B4C1-18EDCAF2140E}
	EndGlobalSection
EndGlobal
