
Microsoft Visual Studio Solution File, Format Version 12.00
# Visual Studio Version 16
VisualStudioVersion = 16.0.30413.136
MinimumVisualStudioVersion = 10.0.40219.1
Project("{FAE04EC0-301F-11D3-BF4B-00C04F79EFBC}") = "JaggeArray", "JaggeArray\JaggeArray.csproj", "{073164C9-ED86-407F-8753-98E94F8D4CAC}"
EndProject
Global
	GlobalSection(SolutionConfigurationPlatforms) = preSolution
		Debug|Any CPU = Debug|Any CPU
		Release|Any CPU = Release|Any CPU
	EndGlobalSection
	GlobalSection(ProjectConfigurationPlatforms) = postSolution
		{073164C9-ED86-407F-8753-98E94F8D4CAC}.Debug|Any CPU.ActiveCfg = Debug|Any CPU
		{073164C9-ED86-407F-8753-98E94F8D4CAC}.Debug|Any CPU.Build.0 = Debug|Any CPU
		{073164C9-ED86-407F-8753-98E94F8D4CAC}.Release|Any CPU.ActiveCfg = Release|Any CPU
		{073164C9-ED86-407F-8753-98E94F8D4CAC}.Release|Any CPU.Build.0 = Release|Any CPU
	EndGlobalSection
	GlobalSection(SolutionProperties) = preSolution
		HideSolutionNode = FALSE
	EndGlobalSection
	GlobalSection(ExtensibilityGlobals) = postSolution
		SolutionGuid = {2A522F70-D512-4BF6-922C-0D8C7BFD3522}
	EndGlobalSection
EndGlobal
