
Microsoft Visual Studio Solution File, Format Version 12.00
# Visual Studio Version 16
VisualStudioVersion = 16.0.30413.136
MinimumVisualStudioVersion = 10.0.40219.1
Project("{FAE04EC0-301F-11D3-BF4B-00C04F79EFBC}") = "UsingStack", "UsingStack\UsingStack.csproj", "{EF4E208C-CCFA-4B92-A263-29B7D0AE19D0}"
EndProject
Global
	GlobalSection(SolutionConfigurationPlatforms) = preSolution
		Debug|Any CPU = Debug|Any CPU
		Release|Any CPU = Release|Any CPU
	EndGlobalSection
	GlobalSection(ProjectConfigurationPlatforms) = postSolution
		{EF4E208C-CCFA-4B92-A263-29B7D0AE19D0}.Debug|Any CPU.ActiveCfg = Debug|Any CPU
		{EF4E208C-CCFA-4B92-A263-29B7D0AE19D0}.Debug|Any CPU.Build.0 = Debug|Any CPU
		{EF4E208C-CCFA-4B92-A263-29B7D0AE19D0}.Release|Any CPU.ActiveCfg = Release|Any CPU
		{EF4E208C-CCFA-4B92-A263-29B7D0AE19D0}.Release|Any CPU.Build.0 = Release|Any CPU
	EndGlobalSection
	GlobalSection(SolutionProperties) = preSolution
		HideSolutionNode = FALSE
	EndGlobalSection
	GlobalSection(ExtensibilityGlobals) = postSolution
		SolutionGuid = {F872C4E3-EFDC-498F-B38E-F6AFCFEDF5E4}
	EndGlobalSection
EndGlobal
