
Microsoft Visual Studio Solution File, Format Version 12.00
# Visual Studio Version 16
VisualStudioVersion = 16.0.29123.88
MinimumVisualStudioVersion = 10.0.40219.1
Project("{FAE04EC0-301F-11D3-BF4B-00C04F79EFBC}") = "Method", "Method\Method.csproj", "{47645F02-3869-437C-A26B-B5E8E4AAE3B3}"
EndProject
Global
	GlobalSection(SolutionConfigurationPlatforms) = preSolution
		Debug|Any CPU = Debug|Any CPU
		Release|Any CPU = Release|Any CPU
	EndGlobalSection
	GlobalSection(ProjectConfigurationPlatforms) = postSolution
		{47645F02-3869-437C-A26B-B5E8E4AAE3B3}.Debug|Any CPU.ActiveCfg = Debug|Any CPU
		{47645F02-3869-437C-A26B-B5E8E4AAE3B3}.Debug|Any CPU.Build.0 = Debug|Any CPU
		{47645F02-3869-437C-A26B-B5E8E4AAE3B3}.Release|Any CPU.ActiveCfg = Release|Any CPU
		{47645F02-3869-437C-A26B-B5E8E4AAE3B3}.Release|Any CPU.Build.0 = Release|Any CPU
	EndGlobalSection
	GlobalSection(SolutionProperties) = preSolution
		HideSolutionNode = FALSE
	EndGlobalSection
	GlobalSection(ExtensibilityGlobals) = postSolution
		SolutionGuid = {EE04FF31-B48C-4FA0-B5E8-6FF830C01408}
	EndGlobalSection
EndGlobal
