
Microsoft Visual Studio Solution File, Format Version 12.00
# Visual Studio Version 16
VisualStudioVersion = 16.0.30413.136
MinimumVisualStudioVersion = 10.0.40219.1
Project("{FAE04EC0-301F-11D3-BF4B-00C04F79EFBC}") = "UsingHashtable", "UsingHashtable\UsingHashtable.csproj", "{92240045-E498-4920-9D60-1DD6225E88E0}"
EndProject
Global
	GlobalSection(SolutionConfigurationPlatforms) = preSolution
		Debug|Any CPU = Debug|Any CPU
		Release|Any CPU = Release|Any CPU
	EndGlobalSection
	GlobalSection(ProjectConfigurationPlatforms) = postSolution
		{92240045-E498-4920-9D60-1DD6225E88E0}.Debug|Any CPU.ActiveCfg = Debug|Any CPU
		{92240045-E498-4920-9D60-1DD6225E88E0}.Debug|Any CPU.Build.0 = Debug|Any CPU
		{92240045-E498-4920-9D60-1DD6225E88E0}.Release|Any CPU.ActiveCfg = Release|Any CPU
		{92240045-E498-4920-9D60-1DD6225E88E0}.Release|Any CPU.Build.0 = Release|Any CPU
	EndGlobalSection
	GlobalSection(SolutionProperties) = preSolution
		HideSolutionNode = FALSE
	EndGlobalSection
	GlobalSection(ExtensibilityGlobals) = postSolution
		SolutionGuid = {F1B93810-B17F-4481-AFCA-E22362D1E52D}
	EndGlobalSection
EndGlobal
