
Microsoft Visual Studio Solution File, Format Version 12.00
# Visual Studio Version 16
VisualStudioVersion = 16.0.30413.136
MinimumVisualStudioVersion = 10.0.40219.1
Project("{FAE04EC0-301F-11D3-BF4B-00C04F79EFBC}") = "Generic", "Generic\Generic.csproj", "{291E2A36-1009-48DB-B07F-6F83968E737C}"
EndProject
Global
	GlobalSection(SolutionConfigurationPlatforms) = preSolution
		Debug|Any CPU = Debug|Any CPU
		Release|Any CPU = Release|Any CPU
	EndGlobalSection
	GlobalSection(ProjectConfigurationPlatforms) = postSolution
		{291E2A36-1009-48DB-B07F-6F83968E737C}.Debug|Any CPU.ActiveCfg = Debug|Any CPU
		{291E2A36-1009-48DB-B07F-6F83968E737C}.Debug|Any CPU.Build.0 = Debug|Any CPU
		{291E2A36-1009-48DB-B07F-6F83968E737C}.Release|Any CPU.ActiveCfg = Release|Any CPU
		{291E2A36-1009-48DB-B07F-6F83968E737C}.Release|Any CPU.Build.0 = Release|Any CPU
	EndGlobalSection
	GlobalSection(SolutionProperties) = preSolution
		HideSolutionNode = FALSE
	EndGlobalSection
	GlobalSection(ExtensibilityGlobals) = postSolution
		SolutionGuid = {A7BF20E4-76EF-4972-B0FF-E33978F80259}
	EndGlobalSection
EndGlobal
